
Microsoft Visual Studio Solution File, Format Version 12.00
# Visual Studio Version 17
VisualStudioVersion = 17.7.34031.279
MinimumVisualStudioVersion = 10.0.40219.1
Project("{FAE04EC0-301F-11D3-BF4B-00C04F79EFBC}") = "WebAppMessageGetway", "WebAppMessageGetway.csproj", "{2DF7B4ED-BD95-4ED7-8727-A34C1A3A6F07}"
EndProject
Project("{FAE04EC0-301F-11D3-BF4B-00C04F79EFBC}") = "WebAppMessage", "..\APIMessage\WebAppMessage.csproj", "{99642779-02CB-4EF4-847E-3B67C7A95462}"
EndProject
Project("{FAE04EC0-301F-11D3-BF4B-00C04F79EFBC}") = "WebAppUser", "..\WebApplUser\WebAppUser.csproj", "{345936E2-6922-4601-A1AF-D7ADAFA4506C}"
EndProject
Global
	GlobalSection(SolutionConfigurationPlatforms) = preSolution
		Debug|Any CPU = Debug|Any CPU
		Release|Any CPU = Release|Any CPU
	EndGlobalSection
	GlobalSection(ProjectConfigurationPlatforms) = postSolution
		{2DF7B4ED-BD95-4ED7-8727-A34C1A3A6F07}.Debug|Any CPU.ActiveCfg = Debug|Any CPU
		{2DF7B4ED-BD95-4ED7-8727-A34C1A3A6F07}.Debug|Any CPU.Build.0 = Debug|Any CPU
		{2DF7B4ED-BD95-4ED7-8727-A34C1A3A6F07}.Release|Any CPU.ActiveCfg = Release|Any CPU
		{2DF7B4ED-BD95-4ED7-8727-A34C1A3A6F07}.Release|Any CPU.Build.0 = Release|Any CPU
		{99642779-02CB-4EF4-847E-3B67C7A95462}.Debug|Any CPU.ActiveCfg = Debug|Any CPU
		{99642779-02CB-4EF4-847E-3B67C7A95462}.Debug|Any CPU.Build.0 = Debug|Any CPU
		{99642779-02CB-4EF4-847E-3B67C7A95462}.Release|Any CPU.ActiveCfg = Release|Any CPU
		{99642779-02CB-4EF4-847E-3B67C7A95462}.Release|Any CPU.Build.0 = Release|Any CPU
		{345936E2-6922-4601-A1AF-D7ADAFA4506C}.Debug|Any CPU.ActiveCfg = Debug|Any CPU
		{345936E2-6922-4601-A1AF-D7ADAFA4506C}.Debug|Any CPU.Build.0 = Debug|Any CPU
		{345936E2-6922-4601-A1AF-D7ADAFA4506C}.Release|Any CPU.ActiveCfg = Release|Any CPU
		{345936E2-6922-4601-A1AF-D7ADAFA4506C}.Release|Any CPU.Build.0 = Release|Any CPU
	EndGlobalSection
	GlobalSection(SolutionProperties) = preSolution
		HideSolutionNode = FALSE
	EndGlobalSection
	GlobalSection(ExtensibilityGlobals) = postSolution
		SolutionGuid = {D2372F53-D278-4086-953B-13099998F168}
	EndGlobalSection
EndGlobal
